
Microsoft Visual Studio Solution File, Format Version 12.00
# Visual Studio Version 16
VisualStudioVersion = 16.0.31112.23
MinimumVisualStudioVersion = 10.0.40219.1
Project("{FAE04EC0-301F-11D3-BF4B-00C04F79EFBC}") = "BookingsAPI", "BookingsAPI\BookingsAPI.csproj", "{8CC0AB4B-7820-48F3-9A79-FE61432CF2ED}"
EndProject
Global
	GlobalSection(SolutionConfigurationPlatforms) = preSolution
		Debug|Any CPU = Debug|Any CPU
		Release|Any CPU = Release|Any CPU
	EndGlobalSection
	GlobalSection(ProjectConfigurationPlatforms) = postSolution
		{8CC0AB4B-7820-48F3-9A79-FE61432CF2ED}.Debug|Any CPU.ActiveCfg = Debug|Any CPU
		{8CC0AB4B-7820-48F3-9A79-FE61432CF2ED}.Debug|Any CPU.Build.0 = Debug|Any CPU
		{8CC0AB4B-7820-48F3-9A79-FE61432CF2ED}.Release|Any CPU.ActiveCfg = Release|Any CPU
		{8CC0AB4B-7820-48F3-9A79-FE61432CF2ED}.Release|Any CPU.Build.0 = Release|Any CPU
	EndGlobalSection
	GlobalSection(SolutionProperties) = preSolution
		HideSolutionNode = FALSE
	EndGlobalSection
	GlobalSection(ExtensibilityGlobals) = postSolution
		SolutionGuid = {CCB3AD13-177B-4BD2-9412-B0AF2940262C}
	EndGlobalSection
EndGlobal
