
Microsoft Visual Studio Solution File, Format Version 12.00
# Visual Studio Version 16
VisualStudioVersion = 16.0.31112.23
MinimumVisualStudioVersion = 10.0.40219.1
Project("{FAE04EC0-301F-11D3-BF4B-00C04F79EFBC}") = "LoginAPI", "LoginAPI\LoginAPI.csproj", "{51451D48-D648-4E81-87FF-EF43D6E435FA}"
EndProject
Global
	GlobalSection(SolutionConfigurationPlatforms) = preSolution
		Debug|Any CPU = Debug|Any CPU
		Release|Any CPU = Release|Any CPU
	EndGlobalSection
	GlobalSection(ProjectConfigurationPlatforms) = postSolution
		{51451D48-D648-4E81-87FF-EF43D6E435FA}.Debug|Any CPU.ActiveCfg = Debug|Any CPU
		{51451D48-D648-4E81-87FF-EF43D6E435FA}.Debug|Any CPU.Build.0 = Debug|Any CPU
		{51451D48-D648-4E81-87FF-EF43D6E435FA}.Release|Any CPU.ActiveCfg = Release|Any CPU
		{51451D48-D648-4E81-87FF-EF43D6E435FA}.Release|Any CPU.Build.0 = Release|Any CPU
	EndGlobalSection
	GlobalSection(SolutionProperties) = preSolution
		HideSolutionNode = FALSE
	EndGlobalSection
	GlobalSection(ExtensibilityGlobals) = postSolution
		SolutionGuid = {8680BC3C-F27E-4B0B-B84D-4B2DA0D33D4F}
	EndGlobalSection
EndGlobal
